<?xml version="1.0" encoding="utf-8"?>
<Project ToolsVersion="4.0" xmlns="http://schemas.microsoft.com/developer/msbuild/2003">
  <ItemGroup>
    <Filter Include="Util">
      <UniqueIdentifier>{f5848333-464c-47b7-8977-494d5332dd84}</UniqueIdentifier>
    </Filter>
    <Filter Include="Util\ThirdParty">
      <UniqueIdentifier>{b2c3d4e5-f6a7-4890-b123-456789abcdef}</UniqueIdentifier>
    </Filter>
    <Filter Include="Util\ThirdParty\imgui">
      <UniqueIdentifier>{c3d4e5f6-a7b8-4901-c234-56789abcdef0}</UniqueIdentifier>
    </Filter>
    <Filter Include="Util\ThirdParty\imgui\backends">
      <UniqueIdentifier>{d4e5f6a7-b8c9-4012-d345-6789abcdef01}</UniqueIdentifier>
    </Filter>
    <Filter Include="RenderCore">
      <UniqueIdentifier>{65056a28-ab47-48d7-b2fa-fcea5e4bc4fe}</UniqueIdentifier>
    </Filter>
    <Filter Include="App">
      <UniqueIdentifier>{a1b2c3d4-e5f6-4789-a012-3456789abcde}</UniqueIdentifier>
    </Filter>
    <Filter Include="Gfx">
      <UniqueIdentifier>{3e16dee1-3f55-41d2-b772-50023f054904}</UniqueIdentifier>
    </Filter>
    <Filter Include="Gfx\Shader">
      <UniqueIdentifier>{49330e1d-10f6-4ff6-a3ad-86b385f880b3}</UniqueIdentifier>
    </Filter>
    <Filter Include="Gfx\Shader Generated">
      <UniqueIdentifier>{7a8b9c0d-1e2f-4a5b-8c9d-0e1f2a3b4c5d}</UniqueIdentifier>
    </Filter>
    <Filter Include="RenderContract">
      <UniqueIdentifier>{e2c0f0b1-26f6-4b27-9f4b-4a3350cf48cf}</UniqueIdentifier>
    </Filter>
    <Filter Include="Platform">
      <UniqueIdentifier>{8c78a8c3-3ae2-4ae1-bcc8-3d4c32ed0fcf}</UniqueIdentifier>
    </Filter>
    <Filter Include="Rhi">
      <UniqueIdentifier>{a9b0c1d2-e3f4-4567-8901-23456789abcd}</UniqueIdentifier>
    </Filter>
  </ItemGroup>
  <ItemGroup>
    <ClCompile Include="VulkanDesktop.cpp" />
    <ClCompile Include="App\Application.cpp">
      <Filter>App</Filter>
    </ClCompile>
    <ClCompile Include="App\InputSystem.cpp">
      <Filter>App</Filter>
    </ClCompile>
    <ClCompile Include="App\WorldState.cpp">
      <Filter>App</Filter>
    </ClCompile>
    <ClCompile Include="App\DebugOverlay.cpp">
      <Filter>App</Filter>
    </ClCompile>
    <ClCompile Include="App\ActiveViewsBuild.cpp">
      <Filter>App</Filter>
    </ClCompile>
    <ClCompile Include="Util\Util_EngineConfig.cpp">
      <Filter>Util</Filter>
    </ClCompile>
    <ClCompile Include="Util\Util_EngineConfigCli.cpp">
      <Filter>Util</Filter>
    </ClCompile>
    <ClCompile Include="Util\Util_EngineConfigJson.cpp">
      <Filter>Util</Filter>
    </ClCompile>
    <ClCompile Include="Util\Util_AssetManifest.cpp">
      <Filter>Util</Filter>
    </ClCompile>
    <ClCompile Include="Util\Util_DebugMessenger.cpp">
      <Filter>Util</Filter>
    </ClCompile>
    <ClCompile Include="Util\Util_ValidationLayers.cpp">
      <Filter>Util</Filter>
    </ClCompile>
    <ClCompile Include="Util\Util_FrameStats.cpp">
      <Filter>Util</Filter>
    </ClCompile>
    <ClCompile Include="Util\Util_Loader.cpp">
      <Filter>Util</Filter>
    </ClCompile>
    <ClCompile Include="Util\Util_ImageDecode.cpp">
      <Filter>Util</Filter>
    </ClCompile>
    <ClCompile Include="Util\Util_ObjLoad.cpp">
      <Filter>Util</Filter>
    </ClCompile>
    <ClCompile Include="Util\Util_Logger.cpp">
      <Filter>Util</Filter>
    </ClCompile>
    <ClCompile Include="Util\Util_VulkanResult.cpp">
      <Filter>Util</Filter>
    </ClCompile>
    <ClCompile Include="Util\Util_CameraPanel.cpp">
      <Filter>Util</Filter>
    </ClCompile>
    <ClCompile Include="Util\Util_Input.cpp">
      <Filter>Util</Filter>
    </ClCompile>
    <ClCompile Include="Util\Util_LightingPanel.cpp">
      <Filter>Util</Filter>
    </ClCompile>
    <ClCompile Include="Util\Util_PostProcessPanel.cpp">
      <Filter>Util</Filter>
    </ClCompile>
    <ClCompile Include="Util\Util_RenderDebugPanel.cpp">
      <Filter>Util</Filter>
    </ClCompile>
    <ClCompile Include="Util\Util_TemporalPanel.cpp">
      <Filter>Util</Filter>
    </ClCompile>
    <ClCompile Include="Util\Util_ScenePanel.cpp">
      <Filter>Util</Filter>
    </ClCompile>
    <ClCompile Include="Util\Util_TuningPrefs.cpp">
      <Filter>Util</Filter>
    </ClCompile>
    <ClCompile Include="Util\Util_TuningPanel.cpp">
      <Filter>Util</Filter>
    </ClCompile>
    <ClCompile Include="Util\Util_StatsOverlay.cpp">
      <Filter>Util</Filter>
    </ClCompile>
    <ClCompile Include="RenderCore\Vk_ImGuiLayer.cpp">
      <Filter>RenderCore</Filter>
    </ClCompile>
    <ClCompile Include="..\lib\imgui\backends\imgui_impl_glfw.cpp">
      <Filter>Util\ThirdParty\imgui\backends</Filter>
    </ClCompile>
    <ClCompile Include="..\lib\imgui\backends\imgui_impl_vulkan.cpp">
      <Filter>Util\ThirdParty\imgui\backends</Filter>
    </ClCompile>
    <ClCompile Include="..\lib\imgui\imgui.cpp">
      <Filter>Util\ThirdParty\imgui</Filter>
    </ClCompile>
    <ClCompile Include="..\lib\imgui\imgui_draw.cpp">
      <Filter>Util\ThirdParty\imgui</Filter>
    </ClCompile>
    <ClCompile Include="..\lib\imgui\imgui_tables.cpp">
      <Filter>Util\ThirdParty\imgui</Filter>
    </ClCompile>
    <ClCompile Include="..\lib\imgui\imgui_widgets.cpp">
      <Filter>Util\ThirdParty\imgui</Filter>
    </ClCompile>
    <ClCompile Include="Gfx\Gfx_DrawCullSort.cpp">
      <Filter>Gfx</Filter>
    </ClCompile>
    <ClCompile Include="Gfx\Gfx_DrawBatch.cpp">
      <Filter>Gfx</Filter>
    </ClCompile>
    <ClCompile Include="Gfx\Gfx_DrawTemplate.cpp">
      <Filter>Gfx</Filter>
    </ClCompile>
    <ClCompile Include="Gfx\Gfx_EntityGpuRecord.cpp">
      <Filter>Gfx</Filter>
    </ClCompile>
    <ClCompile Include="Gfx\Gfx_GpuCull.cpp">
      <Filter>Gfx</Filter>
    </ClCompile>
    <ClCompile Include="Gfx\Gfx_AoPass.cpp">
      <Filter>Gfx</Filter>
    </ClCompile>
    <ClCompile Include="Gfx\Gfx_ClusterBuildPass.cpp">
      <Filter>Gfx</Filter>
    </ClCompile>
    <ClCompile Include="Gfx\Gfx_DepthPyramidPass.cpp">
      <Filter>Gfx</Filter>
    </ClCompile>
    <ClCompile Include="Gfx\Gfx_DeferredLightingPass.cpp">
      <Filter>Gfx</Filter>
    </ClCompile>
    <ClCompile Include="Gfx\Gfx_DdgiPass.cpp">
      <Filter>Gfx</Filter>
    </ClCompile>
    <ClCompile Include="Gfx\Gfx_ShadowAoSoftPass.cpp">
      <Filter>Gfx</Filter>
    </ClCompile>
    <ClCompile Include="Gfx\Gfx_SsrPass.cpp">
      <Filter>Gfx</Filter>
    </ClCompile>
    <ClCompile Include="Gfx\Gfx_Bounds.cpp">
      <Filter>Gfx</Filter>
    </ClCompile>
    <ClCompile Include="Gfx\Gfx_DemoSceneSim.cpp">
      <Filter>Gfx</Filter>
    </ClCompile>
    <ClCompile Include="Gfx\Gfx_ObjectiveRuntime.cpp">
      <Filter>Gfx</Filter>
    </ClCompile>
    <ClCompile Include="Gfx\Gfx_DrawExtract.cpp">
      <Filter>Gfx</Filter>
    </ClCompile>
    <ClCompile Include="Gfx\Gfx_FrameDrawStream.cpp">
      <Filter>Gfx</Filter>
    </ClCompile>
    <ClCompile Include="Gfx\Gfx_RenderPacket.cpp">
      <Filter>Gfx</Filter>
    </ClCompile>
    <ClCompile Include="Gfx\Gfx_Lod.cpp">
      <Filter>Gfx</Filter>
    </ClCompile>
    <ClCompile Include="Gfx\Gfx_SceneApply.cpp">
      <Filter>Gfx</Filter>
    </ClCompile>
    <ClCompile Include="Gfx\Gfx_SceneLoader.cpp">
      <Filter>Gfx</Filter>
    </ClCompile>
    <ClCompile Include="Gfx\Gfx_SceneSoA.cpp">
      <Filter>Gfx</Filter>
    </ClCompile>
    <ClCompile Include="Gfx\Gfx_SceneTransform.cpp">
      <Filter>Gfx</Filter>
    </ClCompile>
    <ClCompile Include="Gfx\Gfx_ViewPacketBuild.cpp">
      <Filter>Gfx</Filter>
    </ClCompile>
    <ClCompile Include="Gfx\Gfx_RenderPreset.cpp">
      <Filter>Gfx</Filter>
    </ClCompile>
    <ClCompile Include="Gfx\Gfx_RenderPipeline.cpp">
      <Filter>Gfx</Filter>
    </ClCompile>
    <ClCompile Include="Gfx\Gfx_ShaderPermutation.cpp">
      <Filter>Gfx</Filter>
    </ClCompile>
    <ClCompile Include="App\SceneCpuLoad.cpp">
      <Filter>App</Filter>
    </ClCompile>
    <ClCompile Include="Gfx\Gfx_MeshCpu.cpp">
      <Filter>Gfx</Filter>
    </ClCompile>
    <ClCompile Include="Gfx\Gfx_RenderCamera.cpp">
      <Filter>Gfx</Filter>
    </ClCompile>
    <ClCompile Include="RenderCore\Vk_Bindless.cpp">
      <Filter>RenderCore</Filter>
    </ClCompile>
    <ClCompile Include="RenderCore\Vk_Renderer.cpp">
      <Filter>RenderCore</Filter>
    </ClCompile>
    <ClCompile Include="RenderCore\Vk_RhiDevice.cpp">
      <Filter>RenderCore</Filter>
    </ClCompile>
    <ClCompile Include="RenderCore\Vk_RhiBackend.cpp">
      <Filter>RenderCore</Filter>
    </ClCompile>
    <ClCompile Include="RenderCore\Vk_DescriptorSystem.cpp">
      <Filter>RenderCore</Filter>
    </ClCompile>
    <ClCompile Include="RenderCore\Vk_ShaderEffectMeta.cpp">
      <Filter>RenderCore</Filter>
    </ClCompile>
    <ClCompile Include="RenderCore\Vk_FrameUniformUploader.cpp">
      <Filter>RenderCore</Filter>
    </ClCompile>
    <ClCompile Include="RenderCore\Vk_DevicePipelineCache.cpp">
      <Filter>RenderCore</Filter>
    </ClCompile>
    <ClCompile Include="RenderCore\Vk_GfxPipelineCache.cpp">
      <Filter>RenderCore</Filter>
    </ClCompile>
    <ClCompile Include="RenderCore\Vk_RenderDoc.cpp">
      <Filter>RenderCore</Filter>
    </ClCompile>
    <ClCompile Include="RenderCore\Vk_FrameDrawPrep.cpp">
      <Filter>RenderCore</Filter>
    </ClCompile>
    <ClCompile Include="RenderCore\Vk_GpuCull.cpp">
      <Filter>RenderCore</Filter>
    </ClCompile>
    <ClCompile Include="RenderCore\Vk_ResourceContext.cpp">
      <Filter>RenderCore</Filter>
    </ClCompile>
    <ClCompile Include="RenderCore\Vk_ResourceTables.cpp">
      <Filter>RenderCore</Filter>
    </ClCompile>
    <ClCompile Include="RenderCore\Vk_Initializer.cpp">
      <Filter>RenderCore</Filter>
    </ClCompile>
    <ClCompile Include="RenderCore\Vk_Pipeline.cpp">
      <Filter>RenderCore</Filter>
    </ClCompile>
    <ClCompile Include="RenderCore\Vk_PipelineDiagnostics.cpp">
      <Filter>RenderCore</Filter>
    </ClCompile>
    <ClCompile Include="RenderCore\Vk_RenderDevice.cpp">
      <Filter>RenderCore</Filter>
    </ClCompile>
    <ClCompile Include="RenderCore\Vk_FrameGraph.cpp">
      <Filter>RenderCore</Filter>
    </ClCompile>
    <ClCompile Include="RenderCore\Vk_FgResourceRegistry.cpp">
      <Filter>RenderCore</Filter>
    </ClCompile>
    <ClCompile Include="RenderCore\Vk_FgBarrierCompiler.cpp">
      <Filter>RenderCore</Filter>
    </ClCompile>
    <ClCompile Include="RenderCore\Vk_ClusterBuildPass.cpp">
      <Filter>RenderCore</Filter>
    </ClCompile>
    <ClCompile Include="RenderCore\Vk_ClusterBuildPass_Record.cpp">
      <Filter>RenderCore</Filter>
    </ClCompile>
    <ClCompile Include="RenderCore\Vk_DepthPyramidPass.cpp">
      <Filter>RenderCore</Filter>
    </ClCompile>
    <ClCompile Include="RenderCore\Vk_DepthPyramidPass_Record.cpp">
      <Filter>RenderCore</Filter>
    </ClCompile>
    <ClCompile Include="Gfx\Gfx_FramePacketValidation.cpp">
      <Filter>Gfx</Filter>
    </ClCompile>
    <ClCompile Include="RenderCore\Vk_PostProcessPass.cpp">
      <Filter>RenderCore</Filter>
    </ClCompile>
    <ClCompile Include="RenderCore\Vk_PostProcessPassLayouts.cpp">
      <Filter>RenderCore</Filter>
    </ClCompile>
    <ClCompile Include="RenderCore\Vk_PostProcessPass_Record.cpp">
      <Filter>RenderCore</Filter>
    </ClCompile>
    <ClCompile Include="RenderCore\Vk_ShadowAoSoftPass.cpp">
      <Filter>RenderCore</Filter>
    </ClCompile>
    <ClCompile Include="RenderCore\Vk_ShadowAoSoftPass_Record.cpp">
      <Filter>RenderCore</Filter>
    </ClCompile>
    <ClCompile Include="RenderCore\Vk_SsrPass.cpp">
      <Filter>RenderCore</Filter>
    </ClCompile>
    <ClCompile Include="RenderCore\Vk_SsrPass_Record.cpp">
      <Filter>RenderCore</Filter>
    </ClCompile>
    <ClCompile Include="RenderCore\Vk_Temporal.cpp">
      <Filter>RenderCore</Filter>
    </ClCompile>
    <ClCompile Include="RenderCore\Vk_AoPass.cpp">
      <Filter>RenderCore</Filter>
    </ClCompile>
    <ClCompile Include="RenderCore\Vk_AoPassLayouts.cpp">
      <Filter>RenderCore</Filter>
    </ClCompile>
    <ClCompile Include="RenderCore\Vk_AoPass_Record.cpp">
      <Filter>RenderCore</Filter>
    </ClCompile>
    <ClCompile Include="RenderCore\Vk_DeferredLightingPass.cpp">
      <Filter>RenderCore</Filter>
    </ClCompile>
    <ClCompile Include="RenderCore\Vk_DeferredLightingPass_Record.cpp">
      <Filter>RenderCore</Filter>
    </ClCompile>
    <ClCompile Include="RenderCore\Vk_ShadowMapPass.cpp">
      <Filter>RenderCore</Filter>
    </ClCompile>
    <ClCompile Include="RenderCore\Vk_IblResources.cpp">
      <Filter>RenderCore</Filter>
    </ClCompile>
    <ClCompile Include="RenderCore\Vk_TextureLoader.cpp">
      <Filter>RenderCore</Filter>
    </ClCompile>
    <ClCompile Include="RenderCore\Vk_GBufferPass.cpp">
      <Filter>RenderCore</Filter>
    </ClCompile>
    <ClCompile Include="RenderCore\Vk_ScenePasses.cpp">
      <Filter>RenderCore</Filter>
    </ClCompile>
    <ClCompile Include="RenderCore\Vk_SceneResourceTypes.cpp">
      <Filter>RenderCore</Filter>
    </ClCompile>
    <ClCompile Include="RenderCore\Vk_SwapchainHost.cpp">
      <Filter>RenderCore</Filter>
    </ClCompile>
    <ClCompile Include="RenderCore\Vk_VertexLayout.cpp">
      <Filter>RenderCore</Filter>
    </ClCompile>
    <ClCompile Include="RenderCore\Vk_Window.cpp">
      <Filter>RenderCore</Filter>
    </ClCompile>
    <ClCompile Include="Platform\Pf_GlfwPlatformHost.cpp">
      <Filter>Platform</Filter>
    </ClCompile>
  </ItemGroup>
  <ItemGroup>
    <ClInclude Include="Util\Util_EngineConfig.h">
      <Filter>Util</Filter>
    </ClInclude>
    <ClInclude Include="Util\Util_EngineConfigInternal.h">
      <Filter>Util</Filter>
    </ClInclude>
    <ClInclude Include="Util\Util_AssetManifest.h">
      <Filter>Util</Filter>
    </ClInclude>
    <ClInclude Include="Util\Util_DebugMessenger.h">
      <Filter>Util</Filter>
    </ClInclude>
    <ClInclude Include="Util\Util_ValidationLayers.h">
      <Filter>Util</Filter>
    </ClInclude>
    <ClInclude Include="Util\Util_FrameStats.h">
      <Filter>Util</Filter>
    </ClInclude>
    <ClInclude Include="Util\Util_Loader.h">
      <Filter>Util</Filter>
    </ClInclude>
    <ClInclude Include="Util\Util_ImageDecode.h">
      <Filter>Util</Filter>
    </ClInclude>
    <ClInclude Include="Util\Util_ObjLoad.h">
      <Filter>Util</Filter>
    </ClInclude>
    <ClInclude Include="Util\Util_Logger.h">
      <Filter>Util</Filter>
    </ClInclude>
    <ClInclude Include="Util\Util_VulkanResult.h">
      <Filter>Util</Filter>
    </ClInclude>
    <ClInclude Include="App\Application.h">
      <Filter>App</Filter>
    </ClInclude>
    <ClInclude Include="App\WorldState.h">
      <Filter>App</Filter>
    </ClInclude>
    <ClInclude Include="App\DebugUIState.h">
      <Filter>App</Filter>
    </ClInclude>
    <ClInclude Include="App\DebugOverlay.h">
      <Filter>App</Filter>
    </ClInclude>
    <ClInclude Include="App\ActiveViewsBuild.h">
      <Filter>App</Filter>
    </ClInclude>
    <ClInclude Include="RenderCore\Vk_ActiveRenderView.h">
      <Filter>RenderCore</Filter>
    </ClInclude>
    <ClInclude Include="RenderCore\Vk_DeviceContext.h">
      <Filter>RenderCore</Filter>
    </ClInclude>
    <ClInclude Include="RenderCore\Vk_FrameContext.h">
      <Filter>RenderCore</Filter>
    </ClInclude>
    <ClInclude Include="RenderCore\Vk_PlatformContext.h">
      <Filter>RenderCore</Filter>
    </ClInclude>
    <ClInclude Include="RenderCore\Vk_SceneGpuContext.h">
      <Filter>RenderCore</Filter>
    </ClInclude>
    <ClInclude Include="RenderCore\Vk_SwapchainContext.h">
      <Filter>RenderCore</Filter>
    </ClInclude>
    <ClInclude Include="App\InputSystem.h">
      <Filter>App</Filter>
    </ClInclude>
    <ClInclude Include="Util\Util_CameraPanel.h">
      <Filter>Util</Filter>
    </ClInclude>
    <ClInclude Include="Util\Util_Input.h">
      <Filter>Util</Filter>
    </ClInclude>
    <ClInclude Include="Util\Util_InputSnapshot.h">
      <Filter>Util</Filter>
    </ClInclude>
    <ClInclude Include="Util\Util_TuningPrefs.h">
      <Filter>Util</Filter>
    </ClInclude>
    <ClInclude Include="Util\Util_TuningPanel.h">
      <Filter>Util</Filter>
    </ClInclude>
    <ClInclude Include="Util\Util_LightingPanel.h">
      <Filter>Util</Filter>
    </ClInclude>
    <ClInclude Include="Util\Util_PostProcessPanel.h">
      <Filter>Util</Filter>
    </ClInclude>
    <ClInclude Include="Util\Util_RenderDebugPanel.h">
      <Filter>Util</Filter>
    </ClInclude>
    <ClInclude Include="Util\Util_TemporalPanel.h">
      <Filter>Util</Filter>
    </ClInclude>
    <ClInclude Include="Util\Util_ScenePanel.h">
      <Filter>Util</Filter>
    </ClInclude>
    <ClInclude Include="Util\Util_StatsOverlay.h">
      <Filter>Util</Filter>
    </ClInclude>
    <ClInclude Include="RenderCore\Vk_ImGuiLayer.h">
      <Filter>RenderCore</Filter>
    </ClInclude>
    <ClInclude Include="Gfx\Gfx_DrawCullSort.h">
      <Filter>Gfx</Filter>
    </ClInclude>
    <ClInclude Include="Gfx\Gfx_DrawBatch.h">
      <Filter>Gfx</Filter>
    </ClInclude>
    <ClInclude Include="Gfx\Gfx_DrawTemplate.h">
      <Filter>Gfx</Filter>
    </ClInclude>
    <ClInclude Include="Gfx\Gfx_EntityGpuRecord.h">
      <Filter>Gfx</Filter>
    </ClInclude>
    <ClInclude Include="Gfx\Gfx_GpuCull.h">
      <Filter>Gfx</Filter>
    </ClInclude>
    <ClInclude Include="Gfx\Gfx_Bounds.h">
      <Filter>Gfx</Filter>
    </ClInclude>
    <ClInclude Include="Gfx\Gfx_DemoSceneSim.h">
      <Filter>Gfx</Filter>
    </ClInclude>
    <ClInclude Include="Gfx\Gfx_ObjectiveRuntime.h">
      <Filter>Gfx</Filter>
    </ClInclude>
    <ClInclude Include="Gfx\Gfx_DrawExtract.h">
      <Filter>Gfx</Filter>
    </ClInclude>
    <ClInclude Include="Gfx\Gfx_FrameDrawStream.h">
      <Filter>Gfx</Filter>
    </ClInclude>
    <ClInclude Include="Gfx\Gfx_RenderPacket.h">
      <Filter>Gfx</Filter>
    </ClInclude>
    <ClInclude Include="Gfx\Gfx_Lod.h">
      <Filter>Gfx</Filter>
    </ClInclude>
    <ClInclude Include="Gfx\Gfx_ResourceManifest.h">
      <Filter>Gfx</Filter>
    </ClInclude>
    <ClInclude Include="Gfx\Gfx_SceneApply.h">
      <Filter>Gfx</Filter>
    </ClInclude>
    <ClInclude Include="Gfx\Gfx_SceneDesc.h">
      <Filter>Gfx</Filter>
    </ClInclude>
    <ClInclude Include="Gfx\Gfx_SceneLoader.h">
      <Filter>Gfx</Filter>
    </ClInclude>
    <ClInclude Include="Gfx\Gfx_SceneSoA.h">
      <Filter>Gfx</Filter>
    </ClInclude>
    <ClInclude Include="Gfx\Gfx_SceneTransform.h">
      <Filter>Gfx</Filter>
    </ClInclude>
    <ClInclude Include="Gfx\Gfx_Vertex.h">
      <Filter>Gfx</Filter>
    </ClInclude>
    <ClInclude Include="Gfx\Gfx_ViewPacketBuild.h">
      <Filter>Gfx</Filter>
    </ClInclude>
    <ClInclude Include="App\SceneCpuLoad.h">
      <Filter>App</Filter>
    </ClInclude>
    <ClInclude Include="Gfx\Gfx_FrameDebugToggles.h">
      <Filter>Gfx</Filter>
    </ClInclude>
    <ClInclude Include="Gfx\Gfx_FramePrepInput.h">
      <Filter>Gfx</Filter>
    </ClInclude>
    <ClInclude Include="Gfx\Gfx_MaterialTypes.h">
      <Filter>Gfx</Filter>
    </ClInclude>
    <ClInclude Include="Gfx\Gfx_DebugView.h">
      <Filter>Gfx</Filter>
    </ClInclude>
    <ClInclude Include="Gfx\Gfx_MeshCpu.h">
      <Filter>Gfx</Filter>
    </ClInclude>
    <ClInclude Include="Gfx\Gfx_RenderCamera.h">
      <Filter>Gfx</Filter>
    </ClInclude>
    <ClInclude Include="RenderCore\Vk_DataStruct.h">
      <Filter>RenderCore</Filter>
    </ClInclude>
    <ClInclude Include="RenderCore\Vk_DescriptorSystem.h">
      <Filter>RenderCore</Filter>
    </ClInclude>
    <ClInclude Include="RenderCore\Vk_ShaderEffectMeta.h">
      <Filter>RenderCore</Filter>
    </ClInclude>
    <ClInclude Include="RenderCore\Vk_DevicePipelineCache.h">
      <Filter>RenderCore</Filter>
    </ClInclude>
    <ClInclude Include="RenderCore\Vk_GfxPipelineCache.h">
      <Filter>RenderCore</Filter>
    </ClInclude>
    <ClInclude Include="RenderCore\Vk_RenderDoc.h">
      <Filter>RenderCore</Filter>
    </ClInclude>
    <ClInclude Include="RenderCore\Vk_Bindless.h">
      <Filter>RenderCore</Filter>
    </ClInclude>
    <ClInclude Include="RenderCore\Vk_Renderer.h">
      <Filter>RenderCore</Filter>
    </ClInclude>
    <ClInclude Include="RenderCore\Vk_RendererContexts.h">
      <Filter>RenderCore</Filter>
    </ClInclude>
    <ClInclude Include="RenderCore\Vk_RhiDevice.h">
      <Filter>RenderCore</Filter>
    </ClInclude>
    <ClInclude Include="RenderCore\Vk_RhiBackend.h">
      <Filter>RenderCore</Filter>
    </ClInclude>
    <ClInclude Include="Rhi\Rhi_Handles.h">
      <Filter>Rhi</Filter>
    </ClInclude>
    <ClInclude Include="Rhi\Rhi_Enums.h">
      <Filter>Rhi</Filter>
    </ClInclude>
    <ClInclude Include="Rhi\Rhi_Device.h">
      <Filter>Rhi</Filter>
    </ClInclude>
    <ClInclude Include="Rhi\Rhi_CommandList.h">
      <Filter>Rhi</Filter>
    </ClInclude>
    <ClInclude Include="RenderCore\Vk_PrimaryCameraState.h">
      <Filter>RenderCore</Filter>
    </ClInclude>
    <ClInclude Include="RenderCore\Vk_RenderFeatures.h">
      <Filter>RenderCore</Filter>
    </ClInclude>
    <ClInclude Include="RenderCore\Vk_FrameUniformUploader.h">
      <Filter>RenderCore</Filter>
    </ClInclude>
    <ClInclude Include="RenderCore\Vk_FrameCpuPrepResult.h">
      <Filter>RenderCore</Filter>
    </ClInclude>
    <ClInclude Include="RenderCore\Vk_FrameDrawPrep.h">
      <Filter>RenderCore</Filter>
    </ClInclude>
    <ClInclude Include="RenderCore\Vk_GpuCull.h">
      <Filter>RenderCore</Filter>
    </ClInclude>
    <ClInclude Include="RenderCore\Vk_ResourceContext.h">
      <Filter>RenderCore</Filter>
    </ClInclude>
    <ClInclude Include="RenderCore\Vk_ResourceTables.h">
      <Filter>RenderCore</Filter>
    </ClInclude>
    <ClInclude Include="RenderCore\Vk_DescriptorPolicy.h">
      <Filter>RenderCore</Filter>
    </ClInclude>
    <ClInclude Include="RenderCore\Vk_Enum.h">
      <Filter>RenderCore</Filter>
    </ClInclude>
    <ClInclude Include="RenderCore\Vk_FrameData.h">
      <Filter>RenderCore</Filter>
    </ClInclude>
    <ClInclude Include="RenderCore\Vk_FrameLimits.h">
      <Filter>RenderCore</Filter>
    </ClInclude>
    <ClInclude Include="RenderCore\Vk_Initializer.h">
      <Filter>RenderCore</Filter>
    </ClInclude>
    <ClInclude Include="RenderCore\Vk_Pipeline.h">
      <Filter>RenderCore</Filter>
    </ClInclude>
    <ClInclude Include="RenderCore\Vk_PipelineDiagnostics.h">
      <Filter>RenderCore</Filter>
    </ClInclude>
    <ClInclude Include="RenderCore\Vk_RenderDevice.h">
      <Filter>RenderCore</Filter>
    </ClInclude>
    <ClInclude Include="RenderCore\Vk_FrameGraph.h">
      <Filter>RenderCore</Filter>
    </ClInclude>
    <ClInclude Include="RenderCore\Vk_FgResourceRegistry.h">
      <Filter>RenderCore</Filter>
    </ClInclude>
    <ClInclude Include="RenderCore\Vk_FgBarrierCompiler.h">
      <Filter>RenderCore</Filter>
    </ClInclude>
    <ClInclude Include="Gfx\Gfx_AoPass.h">
      <Filter>Gfx</Filter>
    </ClInclude>
    <ClInclude Include="Gfx\Gfx_ClusterBuildPass.h">
      <Filter>Gfx</Filter>
    </ClInclude>
    <ClInclude Include="Gfx\Gfx_DepthPyramidPass.h">
      <Filter>Gfx</Filter>
    </ClInclude>
    <ClInclude Include="Gfx\Gfx_DeferredLightingPass.h">
      <Filter>Gfx</Filter>
    </ClInclude>
    <ClInclude Include="Gfx\Gfx_DdgiPass.h">
      <Filter>Gfx</Filter>
    </ClInclude>
    <ClInclude Include="Gfx\Gfx_ShadowAoSoftPass.h">
      <Filter>Gfx</Filter>
    </ClInclude>
    <ClInclude Include="Gfx\Gfx_SsrPass.h">
      <Filter>Gfx</Filter>
    </ClInclude>
    <ClInclude Include="Gfx\Gfx_PassId.h">
      <Filter>Gfx</Filter>
    </ClInclude>
    <ClInclude Include="Gfx\Gfx_FramePlan.h">
      <Filter>Gfx</Filter>
    </ClInclude>
    <ClInclude Include="Gfx\Gfx_RenderPipeline.h">
      <Filter>Gfx</Filter>
    </ClInclude>
    <ClInclude Include="Gfx\Gfx_AoSettings.h">
      <Filter>Gfx</Filter>
    </ClInclude>
    <ClInclude Include="Gfx\Gfx_PostSettings.h">
      <Filter>Gfx</Filter>
    </ClInclude>
    <ClInclude Include="Gfx\Gfx_TemporalJitter.h">
      <Filter>Gfx</Filter>
    </ClInclude>
    <ClInclude Include="Gfx\Gfx_ClusterLighting.h">
      <Filter>Gfx</Filter>
    </ClInclude>
    <ClInclude Include="RenderCore\Vk_ClusterBuildPass.h">
      <Filter>RenderCore</Filter>
    </ClInclude>
    <ClInclude Include="RenderCore\Vk_DepthPyramidPass.h">
      <Filter>RenderCore</Filter>
    </ClInclude>
    <ClInclude Include="Gfx\Gfx_FramePacketValidation.h">
      <Filter>Gfx</Filter>
    </ClInclude>
    <ClInclude Include="RenderCore\Vk_PostProcessPass.h">
      <Filter>RenderCore</Filter>
    </ClInclude>
    <ClInclude Include="RenderCore\Vk_PostProcessPassInternal.h">
      <Filter>RenderCore</Filter>
    </ClInclude>
    <ClInclude Include="RenderCore\Vk_ShadowAoSoftPass.h">
      <Filter>RenderCore</Filter>
    </ClInclude>
    <ClInclude Include="RenderCore\Vk_SsrPass.h">
      <Filter>RenderCore</Filter>
    </ClInclude>
    <ClInclude Include="RenderCore\Vk_Temporal.h">
      <Filter>RenderCore</Filter>
    </ClInclude>
    <ClInclude Include="RenderCore\Vk_TemporalState.h">
      <Filter>RenderCore</Filter>
    </ClInclude>
    <ClInclude Include="RenderCore\Vk_AoPass.h">
      <Filter>RenderCore</Filter>
    </ClInclude>
    <ClInclude Include="RenderCore\Vk_AoPassInternal.h">
      <Filter>RenderCore</Filter>
    </ClInclude>
    <ClInclude Include="RenderCore\Vk_DeferredLightingPass.h">
      <Filter>RenderCore</Filter>
    </ClInclude>
    <ClInclude Include="RenderCore\Vk_ShadowMapPass.h">
      <Filter>RenderCore</Filter>
    </ClInclude>
    <ClInclude Include="RenderCore\Vk_IblResources.h">
      <Filter>RenderCore</Filter>
    </ClInclude>
    <ClInclude Include="RenderCore\Vk_GBufferPass.h">
      <Filter>RenderCore</Filter>
    </ClInclude>
    <ClInclude Include="RenderCore\Vk_ScenePasses.h">
      <Filter>RenderCore</Filter>
    </ClInclude>
    <ClInclude Include="RenderCore\Vk_AllocatedResource.h">
      <Filter>RenderCore</Filter>
    </ClInclude>
    <ClInclude Include="RenderCore\Vk_SceneResourceTypes.h">
      <Filter>RenderCore</Filter>
    </ClInclude>
    <ClInclude Include="RenderCore\Vk_VertexLayout.h">
      <Filter>RenderCore</Filter>
    </ClInclude>
    <ClInclude Include="RenderCore\Vk_SwapchainHost.h">
      <Filter>RenderCore</Filter>
    </ClInclude>
    <ClInclude Include="RenderCore\Vk_Texture.h">
      <Filter>RenderCore</Filter>
    </ClInclude>
    <ClInclude Include="RenderCore\Vk_TextureLoader.h">
      <Filter>RenderCore</Filter>
    </ClInclude>
    <ClInclude Include="RenderCore\Vk_Types.h">
      <Filter>RenderCore</Filter>
    </ClInclude>
    <ClInclude Include="RenderCore\Vk_Window.h">
      <Filter>RenderCore</Filter>
    </ClInclude>
    <ClInclude Include="RenderContract\Gpu_AoMethod.h">
      <Filter>RenderContract</Filter>
    </ClInclude>
    <ClInclude Include="RenderContract\Gpu_AoSettings.h">
      <Filter>RenderContract</Filter>
    </ClInclude>
    <ClInclude Include="RenderContract\Gpu_ClusterLight.h">
      <Filter>RenderContract</Filter>
    </ClInclude>
    <ClInclude Include="RenderContract\Gpu_ClusterPush.h">
      <Filter>RenderContract</Filter>
    </ClInclude>
    <ClInclude Include="RenderContract\Gpu_CullPush.h">
      <Filter>RenderContract</Filter>
    </ClInclude>
    <ClInclude Include="RenderContract\Gpu_DrawTemplate.h">
      <Filter>RenderContract</Filter>
    </ClInclude>
    <ClInclude Include="RenderContract\Gpu_EntityRecord.h">
      <Filter>RenderContract</Filter>
    </ClInclude>
    <ClInclude Include="RenderContract\Gpu_EnvironmentData.h">
      <Filter>RenderContract</Filter>
    </ClInclude>
    <ClInclude Include="RenderContract\Gpu_LightingGlobals.h">
      <Filter>RenderContract</Filter>
    </ClInclude>
    <ClInclude Include="RenderContract\Gpu_MaterialParams.h">
      <Filter>RenderContract</Filter>
    </ClInclude>
    <ClInclude Include="RenderContract\Gpu_PostSettings.h">
      <Filter>RenderContract</Filter>
    </ClInclude>
    <ClInclude Include="Platform\Pf_FrameHooks.h">
      <Filter>Platform</Filter>
    </ClInclude>
    <ClInclude Include="Platform\Pf_PlatformHost.h">
      <Filter>Platform</Filter>
    </ClInclude>
    <ClInclude Include="Platform\Pf_GlfwPlatformHost.h">
      <Filter>Platform</Filter>
    </ClInclude>
    <ClInclude Include="Gfx\Gfx_ActiveRenderView.h">
      <Filter>Gfx</Filter>
    </ClInclude>
    <ClInclude Include="Gfx\Gfx_ShaderPermutationTypes.h">
      <Filter>Gfx</Filter>
    </ClInclude>
    <ClInclude Include="RenderContract\Gpu_CameraData.h">
      <Filter>RenderContract</Filter>
    </ClInclude>
    <ClInclude Include="RenderContract\Gpu_ObjectData.h">
      <Filter>RenderContract</Filter>
    </ClInclude>
  </ItemGroup>
  <ItemGroup>
    <None Include="Scripts\LaunchVulkanDesktop.cmd">
      <Filter>Util</Filter>
    </None>
    <None Include="Scripts\RotateEngineLogs.bat">
      <Filter>Util</Filter>
    </None>
    <None Include="Shader\CompileShader.bat">
      <Filter>Gfx\Shader</Filter>
    </None>
    <None Include="Shader\CompileShader_Glslc.bat">
      <Filter>Gfx\Shader</Filter>
    </None>
    <None Include="Shader\ShaderBuild_Common.bat">
      <Filter>Gfx\Shader</Filter>
    </None>
    <None Include="Shader\TriangleFrag.frag">
      <Filter>Gfx\Shader</Filter>
    </None>
    <None Include="Shader\TriangleFrag_Lit.frag">
      <Filter>Gfx\Shader</Filter>
    </None>
    <CustomBuild Include="Shader\TriangleVertex.vert">
      <Filter>Gfx\Shader</Filter>
    </CustomBuild>
    <None Include="Shader_Generated\TriangleVert.spv">
      <Filter>Gfx\Shader Generated</Filter>
    </None>
    <None Include="Shader_Generated\TrianglePix.spv">
      <Filter>Gfx\Shader Generated</Filter>
    </None>
  </ItemGroup>
</Project>
